
Microsoft Visual Studio Solution File, Format Version 12.00
# Visual Studio Version 18
VisualStudioVersion = 18.5.11723.231 stable
MinimumVisualStudioVersion = 10.0.40219.1
Project("{FAE04EC0-301F-11D3-BF4B-00C04F79EFBC}") = "FacturacionElectronica.NetFramework", "FacturacionElectronica.NetFramework\FacturacionElectronica.NetFramework.csproj", "{B9D06B5A-50E7-4BE3-A082-E74E1050A10D}"
EndProject
Project("{FAE04EC0-301F-11D3-BF4B-00C04F79EFBC}") = "FacturacionElectronica.Net.Xml", "FacturacionElectronica.Net.Xml\FacturacionElectronica.Net.Xml.csproj", "{5F08318A-89F0-4D9D-9CDB-754E98AE51A2}"
EndProject
Global
	GlobalSection(SolutionConfigurationPlatforms) = preSolution
		Debug|Any CPU = Debug|Any CPU
		Release|Any CPU = Release|Any CPU
	EndGlobalSection
	GlobalSection(ProjectConfigurationPlatforms) = postSolution
		{B9D06B5A-50E7-4BE3-A082-E74E1050A10D}.Debug|Any CPU.ActiveCfg = Debug|Any CPU
		{B9D06B5A-50E7-4BE3-A082-E74E1050A10D}.Debug|Any CPU.Build.0 = Debug|Any CPU
		{B9D06B5A-50E7-4BE3-A082-E74E1050A10D}.Release|Any CPU.ActiveCfg = Release|Any CPU
		{B9D06B5A-50E7-4BE3-A082-E74E1050A10D}.Release|Any CPU.Build.0 = Release|Any CPU
		{5F08318A-89F0-4D9D-9CDB-754E98AE51A2}.Debug|Any CPU.ActiveCfg = Debug|Any CPU
		{5F08318A-89F0-4D9D-9CDB-754E98AE51A2}.Debug|Any CPU.Build.0 = Debug|Any CPU
		{5F08318A-89F0-4D9D-9CDB-754E98AE51A2}.Release|Any CPU.ActiveCfg = Release|Any CPU
		{5F08318A-89F0-4D9D-9CDB-754E98AE51A2}.Release|Any CPU.Build.0 = Release|Any CPU
	EndGlobalSection
	GlobalSection(SolutionProperties) = preSolution
		HideSolutionNode = FALSE
	EndGlobalSection
	GlobalSection(ExtensibilityGlobals) = postSolution
		SolutionGuid = {55B1AD9B-2E41-4BBB-89CF-138C46CAE9AF}
	EndGlobalSection
EndGlobal
